
Microsoft Visual Studio Solution File, Format Version 12.00
# Visual Studio Version 17
VisualStudioVersion = 17.0.32014.148
MinimumVisualStudioVersion = 10.0.40219.1
Project("{FAE04EC0-301F-11D3-BF4B-00C04F79EFBC}") = "College1en", "College1en.csproj", "{D2E7BF04-E868-47B7-81EA-1AF48A2F5E7D}"
EndProject
Global
	GlobalSection(SolutionConfigurationPlatforms) = preSolution
		Debug|Any CPU = Debug|Any CPU
		Release|Any CPU = Release|Any CPU
	EndGlobalSection
	GlobalSection(ProjectConfigurationPlatforms) = postSolution
		{D2E7BF04-E868-47B7-81EA-1AF48A2F5E7D}.Debug|Any CPU.ActiveCfg = Debug|Any CPU
		{D2E7BF04-E868-47B7-81EA-1AF48A2F5E7D}.Debug|Any CPU.Build.0 = Debug|Any CPU
		{D2E7BF04-E868-47B7-81EA-1AF48A2F5E7D}.Release|Any CPU.ActiveCfg = Release|Any CPU
		{D2E7BF04-E868-47B7-81EA-1AF48A2F5E7D}.Release|Any CPU.Build.0 = Release|Any CPU
	EndGlobalSection
	GlobalSection(SolutionProperties) = preSolution
		HideSolutionNode = FALSE
	EndGlobalSection
	GlobalSection(ExtensibilityGlobals) = postSolution
		SolutionGuid = {183A3AAC-C2DA-434F-87B3-594519E63810}
	EndGlobalSection
EndGlobal
